// !$*UTF8*$!
{
	archiveVersion = 1;
	classes = {
	};
	objectVersion = 50;
	objects = {

/* Begin PBXBuildFile section */
		67E559A0257525E4005D1A51 /* UI_56App.swift in Sources */ = {isa = PBXBuildFile; fileRef = 67E5599F257525E4005D1A51 /* UI_56App.swift */; };
		67E559A2257525E4005D1A51 /* ContentView.swift in Sources */ = {isa = PBXBuildFile; fileRef = 67E559A1257525E4005D1A51 /* ContentView.swift */; };
		67E559A4257525E5005D1A51 /* Assets.xcassets in Resources */ = {isa = PBXBuildFile; fileRef = 67E559A3257525E5005D1A51 /* Assets.xcassets */; };
		67E559A7257525E5005D1A51 /* Preview Assets.xcassets in Resources */ = {isa = PBXBuildFile; fileRef = 67E559A6257525E5005D1A51 /* Preview Assets.xcassets */; };
		67E559B2257525E6005D1A51 /* UI_56Tests.swift in Sources */ = {isa = PBXBuildFile; fileRef = 67E559B1257525E6005D1A51 /* UI_56Tests.swift */; };
		67E559BD257525E6005D1A51 /* UI_56UITests.swift in Sources */ = {isa = PBXBuildFile; fileRef = 67E559BC257525E6005D1A51 /* UI_56UITests.swift */; };
		67E559D025752619005D1A51 /* Person.swift in Sources */ = {isa = PBXBuildFile; fileRef = 67E559CF25752619005D1A51 /* Person.swift */; };
		67E559D8257527C5005D1A51 /* Home.swift in Sources */ = {isa = PBXBuildFile; fileRef = 67E559D7257527C5005D1A51 /* Home.swift */; };
		67E559DD25752832005D1A51 /* CardView.swift in Sources */ = {isa = PBXBuildFile; fileRef = 67E559DC25752832005D1A51 /* CardView.swift */; };
		67E559E225752C07005D1A51 /* CustomNavigationView.swift in Sources */ = {isa = PBXBuildFile; fileRef = 67E559E125752C07005D1A51 /* CustomNavigationView.swift */; };
/* End PBXBuildFile section */

/* Begin PBXContainerItemProxy section */
		67E559AE257525E6005D1A51 /* PBXContainerItemProxy */ = {
			isa = PBXContainerItemProxy;
			containerPortal = 67E55994257525E4005D1A51 /* Project object */;
			proxyType = 1;
			remoteGlobalIDString = 67E5599B257525E4005D1A51;
			remoteInfo = "UI-56";
		};
		67E559B9257525E6005D1A51 /* PBXContainerItemProxy */ = {
			isa = PBXContainerItemProxy;
			containerPortal = 67E55994257525E4005D1A51 /* Project object */;
			proxyType = 1;
			remoteGlobalIDString = 67E5599B257525E4005D1A51;
			remoteInfo = "UI-56";
		};
/* End PBXContainerItemProxy section */

/* Begin PBXFileReference section */
		67E5599C257525E4005D1A51 /* UI-56.app */ = {isa = PBXFileReference; explicitFileType = wrapper.application; includeInIndex = 0; path = "UI-56.app"; sourceTree = BUILT_PRODUCTS_DIR; };
		67E5599F257525E4005D1A51 /* UI_56App.swift */ = {isa = PBXFileReference; lastKnownFileType = sourcecode.swift; path = UI_56App.swift; sourceTree = "<group>"; };
		67E559A1257525E4005D1A51 /* ContentView.swift */ = {isa = PBXFileReference; lastKnownFileType = sourcecode.swift; path = ContentView.swift; sourceTree = "<group>"; };
		67E559A3257525E5005D1A51 /* Assets.xcassets */ = {isa = PBXFileReference; lastKnownFileType = folder.assetcatalog; path = Assets.xcassets; sourceTree = "<group>"; };
		67E559A6257525E5005D1A51 /* Preview Assets.xcassets */ = {isa = PBXFileReference; lastKnownFileType = folder.assetcatalog; path = "Preview Assets.xcassets"; sourceTree = "<group>"; };
		67E559A8257525E5005D1A51 /* Info.plist */ = {isa = PBXFileReference; lastKnownFileType = text.plist.xml; path = Info.plist; sourceTree = "<group>"; };
		67E559AD257525E6005D1A51 /* UI-56Tests.xctest */ = {isa = PBXFileReference; explicitFileType = wrapper.cfbundle; includeInIndex = 0; path = "UI-56Tests.xctest"; sourceTree = BUILT_PRODUCTS_DIR; };
		67E559B1257525E6005D1A51 /* UI_56Tests.swift */ = {isa = PBXFileReference; lastKnownFileType = sourcecode.swift; path = UI_56Tests.swift; sourceTree = "<group>"; };
		67E559B3257525E6005D1A51 /* Info.plist */ = {isa = PBXFileReference; lastKnownFileType = text.plist.xml; path = Info.plist; sourceTree = "<group>"; };
		67E559B8257525E6005D1A51 /* UI-56UITests.xctest */ = {isa = PBXFileReference; explicitFileType = wrapper.cfbundle; includeInIndex = 0; path = "UI-56UITests.xctest"; sourceTree = BUILT_PRODUCTS_DIR; };
		67E559BC257525E6005D1A51 /* UI_56UITests.swift */ = {isa = PBXFileReference; lastKnownFileType = sourcecode.swift; path = UI_56UITests.swift; sourceTree = "<group>"; };
		67E559BE257525E6005D1A51 /* Info.plist */ = {isa = PBXFileReference; lastKnownFileType = text.plist.xml; path = Info.plist; sourceTree = "<group>"; };
		67E559CF25752619005D1A51 /* Person.swift */ = {isa = PBXFileReference; lastKnownFileType = sourcecode.swift; path = Person.swift; sourceTree = "<group>"; };
		67E559D7257527C5005D1A51 /* Home.swift */ = {isa = PBXFileReference; lastKnownFileType = sourcecode.swift; path = Home.swift; sourceTree = "<group>"; };
		67E559DC25752832005D1A51 /* CardView.swift */ = {isa = PBXFileReference; lastKnownFileType = sourcecode.swift; path = CardView.swift; sourceTree = "<group>"; };
		67E559E125752C07005D1A51 /* CustomNavigationView.swift */ = {isa = PBXFileReference; lastKnownFileType = sourcecode.swift; path = CustomNavigationView.swift; sourceTree = "<group>"; };
/* End PBXFileReference section */

/* Begin PBXFrameworksBuildPhase section */
		67E55999257525E4005D1A51 /* Frameworks */ = {
			isa = PBXFrameworksBuildPhase;
			buildActionMask = 2147483647;
			files = (
			);
			runOnlyForDeploymentPostprocessing = 0;
		};
		67E559AA257525E6005D1A51 /* Frameworks */ = {
			isa = PBXFrameworksBuildPhase;
			buildActionMask = 2147483647;
			files = (
			);
			runOnlyForDeploymentPostprocessing = 0;
		};
		67E559B5257525E6005D1A51 /* Frameworks */ = {
			isa = PBXFrameworksBuildPhase;
			buildActionMask = 2147483647;
			files = (
			);
			runOnlyForDeploymentPostprocessing = 0;
		};
/* End PBXFrameworksBuildPhase section */

/* Begin PBXGroup section */
		67E55993257525E4005D1A51 = {
			isa = PBXGroup;
			children = (
				67E5599E257525E4005D1A51 /* UI-56 */,
				67E559B0257525E6005D1A51 /* UI-56Tests */,
				67E559BB257525E6005D1A51 /* UI-56UITests */,
				67E5599D257525E4005D1A51 /* Products */,
			);
			sourceTree = "<group>";
		};
		67E5599D257525E4005D1A51 /* Products */ = {
			isa = PBXGroup;
			children = (
				67E5599C257525E4005D1A51 /* UI-56.app */,
				67E559AD257525E6005D1A51 /* UI-56Tests.xctest */,
				67E559B8257525E6005D1A51 /* UI-56UITests.xctest */,
			);
			name = Products;
			sourceTree = "<group>";
		};
		67E5599E257525E4005D1A51 /* UI-56 */ = {
			isa = PBXGroup;
			children = (
				67E559CE25752602005D1A51 /* Model */,
				67E559CD257525F9005D1A51 /* View */,
				67E5599F257525E4005D1A51 /* UI_56App.swift */,
				67E559A1257525E4005D1A51 /* ContentView.swift */,
				67E559A3257525E5005D1A51 /* Assets.xcassets */,
				67E559A8257525E5005D1A51 /* Info.plist */,
				67E559A5257525E5005D1A51 /* Preview Content */,
			);
			path = "UI-56";
			sourceTree = "<group>";
		};
		67E559A5257525E5005D1A51 /* Preview Content */ = {
			isa = PBXGroup;
			children = (
				67E559A6257525E5005D1A51 /* Preview Assets.xcassets */,
			);
			path = "Preview Content";
			sourceTree = "<group>";
		};
		67E559B0257525E6005D1A51 /* UI-56Tests */ = {
			isa = PBXGroup;
			children = (
				67E559B1257525E6005D1A51 /* UI_56Tests.swift */,
				67E559B3257525E6005D1A51 /* Info.plist */,
			);
			path = "UI-56Tests";
			sourceTree = "<group>";
		};
		67E559BB257525E6005D1A51 /* UI-56UITests */ = {
			isa = PBXGroup;
			children = (
				67E559BC257525E6005D1A51 /* UI_56UITests.swift */,
				67E559BE257525E6005D1A51 /* Info.plist */,
			);
			path = "UI-56UITests";
			sourceTree = "<group>";
		};
		67E559CD257525F9005D1A51 /* View */ = {
			isa = PBXGroup;
			children = (
				67E559D7257527C5005D1A51 /* Home.swift */,
				67E559DC25752832005D1A51 /* CardView.swift */,
				67E559E125752C07005D1A51 /* CustomNavigationView.swift */,
			);
			path = View;
			sourceTree = "<group>";
		};
		67E559CE25752602005D1A51 /* Model */ = {
			isa = PBXGroup;
			children = (
				67E559CF25752619005D1A51 /* Person.swift */,
			);
			path = Model;
			sourceTree = "<group>";
		};
/* End PBXGroup section */

/* Begin PBXNativeTarget section */
		67E5599B257525E4005D1A51 /* UI-56 */ = {
			isa = PBXNativeTarget;
			buildConfigurationList = 67E559C1257525E6005D1A51 /* Build configuration list for PBXNativeTarget "UI-56" */;
			buildPhases = (
				67E55998257525E4005D1A51 /* Sources */,
				67E55999257525E4005D1A51 /* Frameworks */,
				67E5599A257525E4005D1A51 /* Resources */,
			);
			buildRules = (
			);
			dependencies = (
			);
			name = "UI-56";
			productName = "UI-56";
			productReference = 67E5599C257525E4005D1A51 /* UI-56.app */;
			productType = "com.apple.product-type.application";
		};
		67E559AC257525E6005D1A51 /* UI-56Tests */ = {
			isa = PBXNativeTarget;
			buildConfigurationList = 67E559C4257525E6005D1A51 /* Build configuration list for PBXNativeTarget "UI-56Tests" */;
			buildPhases = (
				67E559A9257525E6005D1A51 /* Sources */,
				67E559AA257525E6005D1A51 /* Frameworks */,
				67E559AB257525E6005D1A51 /* Resources */,
			);
			buildRules = (
			);
			dependencies = (
				67E559AF257525E6005D1A51 /* PBXTargetDependency */,
			);
			name = "UI-56Tests";
			productName = "UI-56Tests";
			productReference = 67E559AD257525E6005D1A51 /* UI-56Tests.xctest */;
			productType = "com.apple.product-type.bundle.unit-test";
		};
		67E559B7257525E6005D1A51 /* UI-56UITests */ = {
			isa = PBXNativeTarget;
			buildConfigurationList = 67E559C7257525E6005D1A51 /* Build configuration list for PBXNativeTarget "UI-56UITests" */;
			buildPhases = (
				67E559B4257525E6005D1A51 /* Sources */,
				67E559B5257525E6005D1A51 /* Frameworks */,
				67E559B6257525E6005D1A51 /* Resources */,
			);
			buildRules = (
			);
			dependencies = (
				67E559BA257525E6005D1A51 /* PBXTargetDependency */,
			);
			name = "UI-56UITests";
			productName = "UI-56UITests";
			productReference = 67E559B8257525E6005D1A51 /* UI-56UITests.xctest */;
			productType = "com.apple.product-type.bundle.ui-testing";
		};
/* End PBXNativeTarget section */

/* Begin PBXProject section */
		67E55994257525E4005D1A51 /* Project object */ = {
			isa = PBXProject;
			attributes = {
				LastSwiftUpdateCheck = 1220;
				LastUpgradeCheck = 1220;
				TargetAttributes = {
					67E5599B257525E4005D1A51 = {
						CreatedOnToolsVersion = 12.2;
					};
					67E559AC257525E6005D1A51 = {
						CreatedOnToolsVersion = 12.2;
						TestTargetID = 67E5599B257525E4005D1A51;
					};
					67E559B7257525E6005D1A51 = {
						CreatedOnToolsVersion = 12.2;
						TestTargetID = 67E5599B257525E4005D1A51;
					};
				};
			};
			buildConfigurationList = 67E55997257525E4005D1A51 /* Build configuration list for PBXProject "UI-56" */;
			compatibilityVersion = "Xcode 9.3";
			developmentRegion = en;
			hasScannedForEncodings = 0;
			knownRegions = (
				en,
				Base,
			);
			mainGroup = 67E55993257525E4005D1A51;
			productRefGroup = 67E5599D257525E4005D1A51 /* Products */;
			projectDirPath = "";
			projectRoot = "";
			targets = (
				67E5599B257525E4005D1A51 /* UI-56 */,
				67E559AC257525E6005D1A51 /* UI-56Tests */,
				67E559B7257525E6005D1A51 /* UI-56UITests */,
			);
		};
/* End PBXProject section */

/* Begin PBXResourcesBuildPhase section */
		67E5599A257525E4005D1A51 /* Resources */ = {
			isa = PBXResourcesBuildPhase;
			buildActionMask = 2147483647;
			files = (
				67E559A7257525E5005D1A51 /* Preview Assets.xcassets in Resources */,
				67E559A4257525E5005D1A51 /* Assets.xcassets in Resources */,
			);
			runOnlyForDeploymentPostprocessing = 0;
		};
		67E559AB257525E6005D1A51 /* Resources */ = {
			isa = PBXResourcesBuildPhase;
			buildActionMask = 2147483647;
			files = (
			);
			runOnlyForDeploymentPostprocessing = 0;
		};
		67E559B6257525E6005D1A51 /* Resources */ = {
			isa = PBXResourcesBuildPhase;
			buildActionMask = 2147483647;
			files = (
			);
			runOnlyForDeploymentPostprocessing = 0;
		};
/* End PBXResourcesBuildPhase section */

/* Begin PBXSourcesBuildPhase section */
		67E55998257525E4005D1A51 /* Sources */ = {
			isa = PBXSourcesBuildPhase;
			buildActionMask = 2147483647;
			files = (
				67E559D025752619005D1A51 /* Person.swift in Sources */,
				67E559A2257525E4005D1A51 /* ContentView.swift in Sources */,
				67E559D8257527C5005D1A51 /* Home.swift in Sources */,
				67E559E225752C07005D1A51 /* CustomNavigationView.swift in Sources */,
				67E559A0257525E4005D1A51 /* UI_56App.swift in Sources */,
				67E559DD25752832005D1A51 /* CardView.swift in Sources */,
			);
			runOnlyForDeploymentPostprocessing = 0;
		};
		67E559A9257525E6005D1A51 /* Sources */ = {
			isa = PBXSourcesBuildPhase;
			buildActionMask = 2147483647;
			files = (
				67E559B2257525E6005D1A51 /* UI_56Tests.swift in Sources */,
			);
			runOnlyForDeploymentPostprocessing = 0;
		};
		67E559B4257525E6005D1A51 /* Sources */ = {
			isa = PBXSourcesBuildPhase;
			buildActionMask = 2147483647;
			files = (
				67E559BD257525E6005D1A51 /* UI_56UITests.swift in Sources */,
			);
			runOnlyForDeploymentPostprocessing = 0;
		};
/* End PBXSourcesBuildPhase section */

/* Begin PBXTargetDependency section */
		67E559AF257525E6005D1A51 /* PBXTargetDependency */ = {
			isa = PBXTargetDependency;
			target = 67E5599B257525E4005D1A51 /* UI-56 */;
			targetProxy = 67E559AE257525E6005D1A51 /* PBXContainerItemProxy */;
		};
		67E559BA257525E6005D1A51 /* PBXTargetDependency */ = {
			isa = PBXTargetDependency;
			target = 67E5599B257525E4005D1A51 /* UI-56 */;
			targetProxy = 67E559B9257525E6005D1A51 /* PBXContainerItemProxy */;
		};
/* End PBXTargetDependency section */

/* Begin XCBuildConfiguration section */
		67E559BF257525E6005D1A51 /* Debug */ = {
			isa = XCBuildConfiguration;
			buildSettings = {
				ALWAYS_SEARCH_USER_PATHS = NO;
				CLANG_ANALYZER_NONNULL = YES;
				CLANG_ANALYZER_NUMBER_OBJECT_CONVERSION = YES_AGGRESSIVE;
				CLANG_CXX_LANGUAGE_STANDARD = "gnu++14";
				CLANG_CXX_LIBRARY = "libc++";
				CLANG_ENABLE_MODULES = YES;
				CLANG_ENABLE_OBJC_ARC = YES;
				CLANG_ENABLE_OBJC_WEAK = YES;
				CLANG_WARN_BLOCK_CAPTURE_AUTORELEASING = YES;
				CLANG_WARN_BOOL_CONVERSION = YES;
				CLANG_WARN_COMMA = YES;
				CLANG_WARN_CONSTANT_CONVERSION = YES;
				CLANG_WARN_DEPRECATED_OBJC_IMPLEMENTATIONS = YES;
				CLANG_WARN_DIRECT_OBJC_ISA_USAGE = YES_ERROR;
				CLANG_WARN_DOCUMENTATION_COMMENTS = YES;
				CLANG_WARN_EMPTY_BODY = YES;
				CLANG_WARN_ENUM_CONVERSION = YES;
				CLANG_WARN_INFINITE_RECURSION = YES;
				CLANG_WARN_INT_CONVERSION = YES;
				CLANG_WARN_NON_LITERAL_NULL_CONVERSION = YES;
				CLANG_WARN_OBJC_IMPLICIT_RETAIN_SELF = YES;
				CLANG_WARN_OBJC_LITERAL_CONVERSION = YES;
				CLANG_WARN_OBJC_ROOT_CLASS = YES_ERROR;
				CLANG_WARN_QUOTED_INCLUDE_IN_FRAMEWORK_HEADER = YES;
				CLANG_WARN_RANGE_LOOP_ANALYSIS = YES;
				CLANG_WARN_STRICT_PROTOTYPES = YES;
				CLANG_WARN_SUSPICIOUS_MOVE = YES;
				CLANG_WARN_UNGUARDED_AVAILABILITY = YES_AGGRESSIVE;
				CLANG_WARN_UNREACHABLE_CODE = YES;
				CLANG_WARN__DUPLICATE_METHOD_MATCH = YES;
				COPY_PHASE_STRIP = NO;
				DEBUG_INFORMATION_FORMAT = dwarf;
				ENABLE_STRICT_OBJC_MSGSEND = YES;
				ENABLE_TESTABILITY = YES;
				GCC_C_LANGUAGE_STANDARD = gnu11;
				GCC_DYNAMIC_NO_PIC = NO;
				GCC_NO_COMMON_BLOCKS = YES;
				GCC_OPTIMIZATION_LEVEL = 0;
				GCC_PREPROCESSOR_DEFINITIONS = (
					"DEBUG=1",
					"$(inherited)",
				);
				GCC_WARN_64_TO_32_BIT_CONVERSION = YES;
				GCC_WARN_ABOUT_RETURN_TYPE = YES_ERROR;
				GCC_WARN_UNDECLARED_SELECTOR = YES;
				GCC_WARN_UNINITIALIZED_AUTOS = YES_AGGRESSIVE;
				GCC_WARN_UNUSED_FUNCTION = YES;
				GCC_WARN_UNUSED_VARIABLE = YES;
				IPHONEOS_DEPLOYMENT_TARGET = 14.2;
				MTL_ENABLE_DEBUG_INFO = INCLUDE_SOURCE;
				MTL_FAST_MATH = YES;
				ONLY_ACTIVE_ARCH = YES;
				SDKROOT = iphoneos;
				SWIFT_ACTIVE_COMPILATION_CONDITIONS = DEBUG;
				SWIFT_OPTIMIZATION_LEVEL = "-Onone";
			};
			name = Debug;
		};
		67E559C0257525E6005D1A51 /* Release */ = {
			isa = XCBuildConfiguration;
			buildSettings = {
				ALWAYS_SEARCH_USER_PATHS = NO;
				CLANG_ANALYZER_NONNULL = YES;
				CLANG_ANALYZER_NUMBER_OBJECT_CONVERSION = YES_AGGRESSIVE;
				CLANG_CXX_LANGUAGE_STANDARD = "gnu++14";
				CLANG_CXX_LIBRARY = "libc++";
				CLANG_ENABLE_MODULES = YES;
				CLANG_ENABLE_OBJC_ARC = YES;
				CLANG_ENABLE_OBJC_WEAK = YES;
				CLANG_WARN_BLOCK_CAPTURE_AUTORELEASING = YES;
				CLANG_WARN_BOOL_CONVERSION = YES;
				CLANG_WARN_COMMA = YES;
				CLANG_WARN_CONSTANT_CONVERSION = YES;
				CLANG_WARN_DEPRECATED_OBJC_IMPLEMENTATIONS = YES;
				CLANG_WARN_DIRECT_OBJC_ISA_USAGE = YES_ERROR;
				CLANG_WARN_DOCUMENTATION_COMMENTS = YES;
				CLANG_WARN_EMPTY_BODY = YES;
				CLANG_WARN_ENUM_CONVERSION = YES;
				CLANG_WARN_INFINITE_RECURSION = YES;
				CLANG_WARN_INT_CONVERSION = YES;
				CLANG_WARN_NON_LITERAL_NULL_CONVERSION = YES;
				CLANG_WARN_OBJC_IMPLICIT_RETAIN_SELF = YES;
				CLANG_WARN_OBJC_LITERAL_CONVERSION = YES;
				CLANG_WARN_OBJC_ROOT_CLASS = YES_ERROR;
				CLANG_WARN_QUOTED_INCLUDE_IN_FRAMEWORK_HEADER = YES;
				CLANG_WARN_RANGE_LOOP_ANALYSIS = YES;
				CLANG_WARN_STRICT_PROTOTYPES = YES;
				CLANG_WARN_SUSPICIOUS_MOVE = YES;
				CLANG_WARN_UNGUARDED_AVAILABILITY = YES_AGGRESSIVE;
				CLANG_WARN_UNREACHABLE_CODE = YES;
				CLANG_WARN__DUPLICATE_METHOD_MATCH = YES;
				COPY_PHASE_STRIP = NO;
				DEBUG_INFORMATION_FORMAT = "dwarf-with-dsym";
				ENABLE_NS_ASSERTIONS = NO;
				ENABLE_STRICT_OBJC_MSGSEND = YES;
				GCC_C_LANGUAGE_STANDARD = gnu11;
				GCC_NO_COMMON_BLOCKS = YES;
				GCC_WARN_64_TO_32_BIT_CONVERSION = YES;
				GCC_WARN_ABOUT_RETURN_TYPE = YES_ERROR;
				GCC_WARN_UNDECLARED_SELECTOR = YES;
				GCC_WARN_UNINITIALIZED_AUTOS = YES_AGGRESSIVE;
				GCC_WARN_UNUSED_FUNCTION = YES;
				GCC_WARN_UNUSED_VARIABLE = YES;
				IPHONEOS_DEPLOYMENT_TARGET = 14.2;
				MTL_ENABLE_DEBUG_INFO = NO;
				MTL_FAST_MATH = YES;
				SDKROOT = iphoneos;
				SWIFT_COMPILATION_MODE = wholemodule;
				SWIFT_OPTIMIZATION_LEVEL = "-O";
				VALIDATE_PRODUCT = YES;
			};
			name = Release;
		};
		67E559C2257525E6005D1A51 /* Debug */ = {
			isa = XCBuildConfiguration;
			buildSettings = {
				ASSETCATALOG_COMPILER_APPICON_NAME = AppIcon;
				ASSETCATALOG_COMPILER_GLOBAL_ACCENT_COLOR_NAME = AccentColor;
				CODE_SIGN_STYLE = Automatic;
				DEVELOPMENT_ASSET_PATHS = "\"UI-56/Preview Content\"";
				ENABLE_PREVIEWS = YES;
				INFOPLIST_FILE = "UI-56/Info.plist";
				IPHONEOS_DEPLOYMENT_TARGET = 14.0;
				LD_RUNPATH_SEARCH_PATHS = (
					"$(inherited)",
					"@executable_path/Frameworks",
				);
				PRODUCT_BUNDLE_IDENTIFIER = "com.uzu.UI-56";
				PRODUCT_NAME = "$(TARGET_NAME)";
				SWIFT_VERSION = 5.0;
				TARGETED_DEVICE_FAMILY = "1,2";
			};
			name = Debug;
		};
		67E559C3257525E6005D1A51 /* Release */ = {
			isa = XCBuildConfiguration;
			buildSettings = {
				ASSETCATALOG_COMPILER_APPICON_NAME = AppIcon;
				ASSETCATALOG_COMPILER_GLOBAL_ACCENT_COLOR_NAME = AccentColor;
				CODE_SIGN_STYLE = Automatic;
				DEVELOPMENT_ASSET_PATHS = "\"UI-56/Preview Content\"";
				ENABLE_PREVIEWS = YES;
				INFOPLIST_FILE = "UI-56/Info.plist";
				IPHONEOS_DEPLOYMENT_TARGET = 14.0;
				LD_RUNPATH_SEARCH_PATHS = (
					"$(inherited)",
					"@executable_path/Frameworks",
				);
				PRODUCT_BUNDLE_IDENTIFIER = "com.uzu.UI-56";
				PRODUCT_NAME = "$(TARGET_NAME)";
				SWIFT_VERSION = 5.0;
				TARGETED_DEVICE_FAMILY = "1,2";
			};
			name = Release;
		};
		67E559C5257525E6005D1A51 /* Debug */ = {
			isa = XCBuildConfiguration;
			buildSettings = {
				ALWAYS_EMBED_SWIFT_STANDARD_LIBRARIES = YES;
				BUNDLE_LOADER = "$(TEST_HOST)";
				CODE_SIGN_STYLE = Automatic;
				INFOPLIST_FILE = "UI-56Tests/Info.plist";
				IPHONEOS_DEPLOYMENT_TARGET = 14.0;
				LD_RUNPATH_SEARCH_PATHS = (
					"$(inherited)",
					"@executable_path/Frameworks",
					"@loader_path/Frameworks",
				);
				PRODUCT_BUNDLE_IDENTIFIER = "com.uzu.UI-56Tests";
				PRODUCT_NAME = "$(TARGET_NAME)";
				SWIFT_VERSION = 5.0;
				TARGETED_DEVICE_FAMILY = "1,2";
				TEST_HOST = "$(BUILT_PRODUCTS_DIR)/UI-56.app/UI-56";
			};
			name = Debug;
		};
		67E559C6257525E6005D1A51 /* Release */ = {
			isa = XCBuildConfiguration;
			buildSettings = {
				ALWAYS_EMBED_SWIFT_STANDARD_LIBRARIES = YES;
				BUNDLE_LOADER = "$(TEST_HOST)";
				CODE_SIGN_STYLE = Automatic;
				INFOPLIST_FILE = "UI-56Tests/Info.plist";
				IPHONEOS_DEPLOYMENT_TARGET = 14.0;
				LD_RUNPATH_SEARCH_PATHS = (
					"$(inherited)",
					"@executable_path/Frameworks",
					"@loader_path/Frameworks",
				);
				PRODUCT_BUNDLE_IDENTIFIER = "com.uzu.UI-56Tests";
				PRODUCT_NAME = "$(TARGET_NAME)";
				SWIFT_VERSION = 5.0;
				TARGETED_DEVICE_FAMILY = "1,2";
				TEST_HOST = "$(BUILT_PRODUCTS_DIR)/UI-56.app/UI-56";
			};
			name = Release;
		};
		67E559C8257525E6005D1A51 /* Debug */ = {
			isa = XCBuildConfiguration;
			buildSettings = {
				ALWAYS_EMBED_SWIFT_STANDARD_LIBRARIES = YES;
				CODE_SIGN_STYLE = Automatic;
				INFOPLIST_FILE = "UI-56UITests/Info.plist";
				LD_RUNPATH_SEARCH_PATHS = (
					"$(inherited)",
					"@executable_path/Frameworks",
					"@loader_path/Frameworks",
				);
				PRODUCT_BUNDLE_IDENTIFIER = "com.uzu.UI-56UITests";
				PRODUCT_NAME = "$(TARGET_NAME)";
				SWIFT_VERSION = 5.0;
				TARGETED_DEVICE_FAMILY = "1,2";
				TEST_TARGET_NAME = "UI-56";
			};
			name = Debug;
		};
		67E559C9257525E6005D1A51 /* Release */ = {
			isa = XCBuildConfiguration;
			buildSettings = {
				ALWAYS_EMBED_SWIFT_STANDARD_LIBRARIES = YES;
				CODE_SIGN_STYLE = Automatic;
				INFOPLIST_FILE = "UI-56UITests/Info.plist";
				LD_RUNPATH_SEARCH_PATHS = (
					"$(inherited)",
					"@executable_path/Frameworks",
					"@loader_path/Frameworks",
				);
				PRODUCT_BUNDLE_IDENTIFIER = "com.uzu.UI-56UITests";
				PRODUCT_NAME = "$(TARGET_NAME)";
				SWIFT_VERSION = 5.0;
				TARGETED_DEVICE_FAMILY = "1,2";
				TEST_TARGET_NAME = "UI-56";
			};
			name = Release;
		};
/* End XCBuildConfiguration section */

/* Begin XCConfigurationList section */
		67E55997257525E4005D1A51 /* Build configuration list for PBXProject "UI-56" */ = {
			isa = XCConfigurationList;
			buildConfigurations = (
				67E559BF257525E6005D1A51 /* Debug */,
				67E559C0257525E6005D1A51 /* Release */,
			);
			defaultConfigurationIsVisible = 0;
			defaultConfigurationName = Release;
		};
		67E559C1257525E6005D1A51 /* Build configuration list for PBXNativeTarget "UI-56" */ = {
			isa = XCConfigurationList;
			buildConfigurations = (
				67E559C2257525E6005D1A51 /* Debug */,
				67E559C3257525E6005D1A51 /* Release */,
			);
			defaultConfigurationIsVisible = 0;
			defaultConfigurationName = Release;
		};
		67E559C4257525E6005D1A51 /* Build configuration list for PBXNativeTarget "UI-56Tests" */ = {
			isa = XCConfigurationList;
			buildConfigurations = (
				67E559C5257525E6005D1A51 /* Debug */,
				67E559C6257525E6005D1A51 /* Release */,
			);
			defaultConfigurationIsVisible = 0;
			defaultConfigurationName = Release;
		};
		67E559C7257525E6005D1A51 /* Build configuration list for PBXNativeTarget "UI-56UITests" */ = {
			isa = XCConfigurationList;
			buildConfigurations = (
				67E559C8257525E6005D1A51 /* Debug */,
				67E559C9257525E6005D1A51 /* Release */,
			);
			defaultConfigurationIsVisible = 0;
			defaultConfigurationName = Release;
		};
/* End XCConfigurationList section */
	};
	rootObject = 67E55994257525E4005D1A51 /* Project object */;
}
